// !$*UTF8*$!
{
	archiveVersion = 1;
	classes = {
	};
	objectVersion = 46;
	objects = {

/* Begin PBXBuildFile section */
		00A38BE41CC0274200CBB9B5 /* StoryboardIpad.storyboard in Resources */ = {isa = PBXBuildFile; fileRef = 00A38BE31CC0274200CBB9B5 /* StoryboardIpad.storyboard */; };
		00C124DF1CA5B1D400A3EAD7 /* Utils.m in Sources */ = {isa = PBXBuildFile; fileRef = 00C124DE1CA5B1D400A3EAD7 /* Utils.m */; };
		00C23C551C9B6F8B00A9918A /* DBManager.m in Sources */ = {isa = PBXBuildFile; fileRef = 00C23C541C9B6F8B00A9918A /* DBManager.m */; };
		00C23C571C9B78CA00A9918A /* libsqlite3.tbd in Frameworks */ = {isa = PBXBuildFile; fileRef = 00C23C561C9B78CA00A9918A /* libsqlite3.tbd */; };
		689F64E41C75524F006D7245 /* main.m in Sources */ = {isa = PBXBuildFile; fileRef = 689F64E31C75524F006D7245 /* main.m */; };
		689F64E71C75524F006D7245 /* AppDelegate.m in Sources */ = {isa = PBXBuildFile; fileRef = 689F64E61C75524F006D7245 /* AppDelegate.m */; };
		689F64EA1C75524F006D7245 /* ViewController.m in Sources */ = {isa = PBXBuildFile; fileRef = 689F64E91C75524F006D7245 /* ViewController.m */; };
		689F64ED1C75524F006D7245 /* Main.storyboard in Resources */ = {isa = PBXBuildFile; fileRef = 689F64EB1C75524F006D7245 /* Main.storyboard */; };
		689F64EF1C75524F006D7245 /* Images.xcassets in Resources */ = {isa = PBXBuildFile; fileRef = 689F64EE1C75524F006D7245 /* Images.xcassets */; };
		689F64F21C75524F006D7245 /* LaunchScreen.xib in Resources */ = {isa = PBXBuildFile; fileRef = 689F64F01C75524F006D7245 /* LaunchScreen.xib */; };
		689F64FE1C75524F006D7245 /* EpanesTests.m in Sources */ = {isa = PBXBuildFile; fileRef = 689F64FD1C75524F006D7245 /* EpanesTests.m */; };
/* End PBXBuildFile section */

/* Begin PBXContainerItemProxy section */
		689F64F81C75524F006D7245 /* PBXContainerItemProxy */ = {
			isa = PBXContainerItemProxy;
			containerPortal = 689F64D61C75524F006D7245 /* Project object */;
			proxyType = 1;
			remoteGlobalIDString = 689F64DD1C75524F006D7245;
			remoteInfo = Epanes;
		};
/* End PBXContainerItemProxy section */

/* Begin PBXFileReference section */
		00A38BE31CC0274200CBB9B5 /* StoryboardIpad.storyboard */ = {isa = PBXFileReference; fileEncoding = 4; lastKnownFileType = file.storyboard; path = StoryboardIpad.storyboard; sourceTree = "<group>"; };
		00C124DD1CA5B1D400A3EAD7 /* Utils.h */ = {isa = PBXFileReference; fileEncoding = 4; lastKnownFileType = sourcecode.c.h; path = Utils.h; sourceTree = "<group>"; };
		00C124DE1CA5B1D400A3EAD7 /* Utils.m */ = {isa = PBXFileReference; fileEncoding = 4; lastKnownFileType = sourcecode.c.objc; path = Utils.m; sourceTree = "<group>"; };
		00C23C531C9B6F8B00A9918A /* DBManager.h */ = {isa = PBXFileReference; fileEncoding = 4; lastKnownFileType = sourcecode.c.h; path = DBManager.h; sourceTree = "<group>"; };
		00C23C541C9B6F8B00A9918A /* DBManager.m */ = {isa = PBXFileReference; fileEncoding = 4; lastKnownFileType = sourcecode.c.objc; path = DBManager.m; sourceTree = "<group>"; };
		00C23C561C9B78CA00A9918A /* libsqlite3.tbd */ = {isa = PBXFileReference; lastKnownFileType = "sourcecode.text-based-dylib-definition"; name = libsqlite3.tbd; path = usr/lib/libsqlite3.tbd; sourceTree = SDKROOT; };
		689F64DE1C75524F006D7245 /* Epanes.app */ = {isa = PBXFileReference; explicitFileType = wrapper.application; includeInIndex = 0; path = Epanes.app; sourceTree = BUILT_PRODUCTS_DIR; };
		689F64E21C75524F006D7245 /* Info.plist */ = {isa = PBXFileReference; lastKnownFileType = text.plist.xml; path = Info.plist; sourceTree = "<group>"; };
		689F64E31C75524F006D7245 /* main.m */ = {isa = PBXFileReference; lastKnownFileType = sourcecode.c.objc; path = main.m; sourceTree = "<group>"; };
		689F64E51C75524F006D7245 /* AppDelegate.h */ = {isa = PBXFileReference; lastKnownFileType = sourcecode.c.h; path = AppDelegate.h; sourceTree = "<group>"; };
		689F64E61C75524F006D7245 /* AppDelegate.m */ = {isa = PBXFileReference; lastKnownFileType = sourcecode.c.objc; path = AppDelegate.m; sourceTree = "<group>"; };
		689F64E81C75524F006D7245 /* ViewController.h */ = {isa = PBXFileReference; lastKnownFileType = sourcecode.c.h; path = ViewController.h; sourceTree = "<group>"; };
		689F64E91C75524F006D7245 /* ViewController.m */ = {isa = PBXFileReference; lastKnownFileType = sourcecode.c.objc; path = ViewController.m; sourceTree = "<group>"; };
		689F64EC1C75524F006D7245 /* Base */ = {isa = PBXFileReference; lastKnownFileType = file.storyboard; name = Base; path = Base.lproj/Main.storyboard; sourceTree = "<group>"; };
		689F64EE1C75524F006D7245 /* Images.xcassets */ = {isa = PBXFileReference; lastKnownFileType = folder.assetcatalog; path = Images.xcassets; sourceTree = "<group>"; };
		689F64F11C75524F006D7245 /* Base */ = {isa = PBXFileReference; lastKnownFileType = file.xib; name = Base; path = Base.lproj/LaunchScreen.xib; sourceTree = "<group>"; };
		689F64F71C75524F006D7245 /* EpanesTests.xctest */ = {isa = PBXFileReference; explicitFileType = wrapper.cfbundle; includeInIndex = 0; path = EpanesTests.xctest; sourceTree = BUILT_PRODUCTS_DIR; };
		689F64FC1C75524F006D7245 /* Info.plist */ = {isa = PBXFileReference; lastKnownFileType = text.plist.xml; path = Info.plist; sourceTree = "<group>"; };
		689F64FD1C75524F006D7245 /* EpanesTests.m */ = {isa = PBXFileReference; lastKnownFileType = sourcecode.c.objc; path = EpanesTests.m; sourceTree = "<group>"; };
/* End PBXFileReference section */

/* Begin PBXFrameworksBuildPhase section */
		689F64DB1C75524F006D7245 /* Frameworks */ = {
			isa = PBXFrameworksBuildPhase;
			buildActionMask = 2147483647;
			files = (
				00C23C571C9B78CA00A9918A /* libsqlite3.tbd in Frameworks */,
			);
			runOnlyForDeploymentPostprocessing = 0;
		};
		689F64F41C75524F006D7245 /* Frameworks */ = {
			isa = PBXFrameworksBuildPhase;
			buildActionMask = 2147483647;
			files = (
			);
			runOnlyForDeploymentPostprocessing = 0;
		};
/* End PBXFrameworksBuildPhase section */

/* Begin PBXGroup section */
		689F64D51C75524F006D7245 = {
			isa = PBXGroup;
			children = (
				00C23C561C9B78CA00A9918A /* libsqlite3.tbd */,
				689F64E01C75524F006D7245 /* Epanes */,
				689F64FA1C75524F006D7245 /* EpanesTests */,
				689F64DF1C75524F006D7245 /* Products */,
			);
			sourceTree = "<group>";
		};
		689F64DF1C75524F006D7245 /* Products */ = {
			isa = PBXGroup;
			children = (
				689F64DE1C75524F006D7245 /* Epanes.app */,
				689F64F71C75524F006D7245 /* EpanesTests.xctest */,
			);
			name = Products;
			sourceTree = "<group>";
		};
		689F64E01C75524F006D7245 /* Epanes */ = {
			isa = PBXGroup;
			children = (
				00C23C531C9B6F8B00A9918A /* DBManager.h */,
				00C23C541C9B6F8B00A9918A /* DBManager.m */,
				689F64E51C75524F006D7245 /* AppDelegate.h */,
				689F64E61C75524F006D7245 /* AppDelegate.m */,
				689F64E81C75524F006D7245 /* ViewController.h */,
				689F64E91C75524F006D7245 /* ViewController.m */,
				689F64EB1C75524F006D7245 /* Main.storyboard */,
				00A38BE31CC0274200CBB9B5 /* StoryboardIpad.storyboard */,
				00C124DD1CA5B1D400A3EAD7 /* Utils.h */,
				00C124DE1CA5B1D400A3EAD7 /* Utils.m */,
				689F64EE1C75524F006D7245 /* Images.xcassets */,
				689F64F01C75524F006D7245 /* LaunchScreen.xib */,
				689F64E11C75524F006D7245 /* Supporting Files */,
			);
			path = Epanes;
			sourceTree = "<group>";
		};
		689F64E11C75524F006D7245 /* Supporting Files */ = {
			isa = PBXGroup;
			children = (
				689F64E21C75524F006D7245 /* Info.plist */,
				689F64E31C75524F006D7245 /* main.m */,
			);
			name = "Supporting Files";
			sourceTree = "<group>";
		};
		689F64FA1C75524F006D7245 /* EpanesTests */ = {
			isa = PBXGroup;
			children = (
				689F64FD1C75524F006D7245 /* EpanesTests.m */,
				689F64FB1C75524F006D7245 /* Supporting Files */,
			);
			path = EpanesTests;
			sourceTree = "<group>";
		};
		689F64FB1C75524F006D7245 /* Supporting Files */ = {
			isa = PBXGroup;
			children = (
				689F64FC1C75524F006D7245 /* Info.plist */,
			);
			name = "Supporting Files";
			sourceTree = "<group>";
		};
/* End PBXGroup section */

/* Begin PBXNativeTarget section */
		689F64DD1C75524F006D7245 /* Epanes */ = {
			isa = PBXNativeTarget;
			buildConfigurationList = 689F65011C75524F006D7245 /* Build configuration list for PBXNativeTarget "Epanes" */;
			buildPhases = (
				689F64DA1C75524F006D7245 /* Sources */,
				689F64DB1C75524F006D7245 /* Frameworks */,
				689F64DC1C75524F006D7245 /* Resources */,
			);
			buildRules = (
			);
			dependencies = (
			);
			name = Epanes;
			productName = Epanes;
			productReference = 689F64DE1C75524F006D7245 /* Epanes.app */;
			productType = "com.apple.product-type.application";
		};
		689F64F61C75524F006D7245 /* EpanesTests */ = {
			isa = PBXNativeTarget;
			buildConfigurationList = 689F65041C75524F006D7245 /* Build configuration list for PBXNativeTarget "EpanesTests" */;
			buildPhases = (
				689F64F31C75524F006D7245 /* Sources */,
				689F64F41C75524F006D7245 /* Frameworks */,
				689F64F51C75524F006D7245 /* Resources */,
			);
			buildRules = (
			);
			dependencies = (
				689F64F91C75524F006D7245 /* PBXTargetDependency */,
			);
			name = EpanesTests;
			productName = EpanesTests;
			productReference = 689F64F71C75524F006D7245 /* EpanesTests.xctest */;
			productType = "com.apple.product-type.bundle.unit-test";
		};
/* End PBXNativeTarget section */

/* Begin PBXProject section */
		689F64D61C75524F006D7245 /* Project object */ = {
			isa = PBXProject;
			attributes = {
				LastUpgradeCheck = 0640;
				ORGANIZATIONNAME = "Tianqi Wen";
				TargetAttributes = {
					689F64DD1C75524F006D7245 = {
						CreatedOnToolsVersion = 6.4;
						DevelopmentTeam = 6798GKHPR4;
					};
					689F64F61C75524F006D7245 = {
						CreatedOnToolsVersion = 6.4;
						TestTargetID = 689F64DD1C75524F006D7245;
					};
				};
			};
			buildConfigurationList = 689F64D91C75524F006D7245 /* Build configuration list for PBXProject "Epanes" */;
			compatibilityVersion = "Xcode 3.2";
			developmentRegion = English;
			hasScannedForEncodings = 0;
			knownRegions = (
				en,
				Base,
			);
			mainGroup = 689F64D51C75524F006D7245;
			productRefGroup = 689F64DF1C75524F006D7245 /* Products */;
			projectDirPath = "";
			projectRoot = "";
			targets = (
				689F64DD1C75524F006D7245 /* Epanes */,
				689F64F61C75524F006D7245 /* EpanesTests */,
			);
		};
/* End PBXProject section */

/* Begin PBXResourcesBuildPhase section */
		689F64DC1C75524F006D7245 /* Resources */ = {
			isa = PBXResourcesBuildPhase;
			buildActionMask = 2147483647;
			files = (
				689F64ED1C75524F006D7245 /* Main.storyboard in Resources */,
				689F64F21C75524F006D7245 /* LaunchScreen.xib in Resources */,
				689F64EF1C75524F006D7245 /* Images.xcassets in Resources */,
				00A38BE41CC0274200CBB9B5 /* StoryboardIpad.storyboard in Resources */,
			);
			runOnlyForDeploymentPostprocessing = 0;
		};
		689F64F51C75524F006D7245 /* Resources */ = {
			isa = PBXResourcesBuildPhase;
			buildActionMask = 2147483647;
			files = (
			);
			runOnlyForDeploymentPostprocessing = 0;
		};
/* End PBXResourcesBuildPhase section */

/* Begin PBXSourcesBuildPhase section */
		689F64DA1C75524F006D7245 /* Sources */ = {
			isa = PBXSourcesBuildPhase;
			buildActionMask = 2147483647;
			files = (
				689F64EA1C75524F006D7245 /* ViewController.m in Sources */,
				689F64E71C75524F006D7245 /* AppDelegate.m in Sources */,
				00C124DF1CA5B1D400A3EAD7 /* Utils.m in Sources */,
				00C23C551C9B6F8B00A9918A /* DBManager.m in Sources */,
				689F64E41C75524F006D7245 /* main.m in Sources */,
			);
			runOnlyForDeploymentPostprocessing = 0;
		};
		689F64F31C75524F006D7245 /* Sources */ = {
			isa = PBXSourcesBuildPhase;
			buildActionMask = 2147483647;
			files = (
				689F64FE1C75524F006D7245 /* EpanesTests.m in Sources */,
			);
			runOnlyForDeploymentPostprocessing = 0;
		};
/* End PBXSourcesBuildPhase section */

/* Begin PBXTargetDependency section */
		689F64F91C75524F006D7245 /* PBXTargetDependency */ = {
			isa = PBXTargetDependency;
			target = 689F64DD1C75524F006D7245 /* Epanes */;
			targetProxy = 689F64F81C75524F006D7245 /* PBXContainerItemProxy */;
		};
/* End PBXTargetDependency section */

/* Begin PBXVariantGroup section */
		689F64EB1C75524F006D7245 /* Main.storyboard */ = {
			isa = PBXVariantGroup;
			children = (
				689F64EC1C75524F006D7245 /* Base */,
			);
			name = Main.storyboard;
			sourceTree = "<group>";
		};
		689F64F01C75524F006D7245 /* LaunchScreen.xib */ = {
			isa = PBXVariantGroup;
			children = (
				689F64F11C75524F006D7245 /* Base */,
			);
			name = LaunchScreen.xib;
			sourceTree = "<group>";
		};
/* End PBXVariantGroup section */

/* Begin XCBuildConfiguration section */
		689F64FF1C75524F006D7245 /* Debug */ = {
			isa = XCBuildConfiguration;
			buildSettings = {
				ALWAYS_SEARCH_USER_PATHS = NO;
				CLANG_CXX_LANGUAGE_STANDARD = "gnu++0x";
				CLANG_CXX_LIBRARY = "libc++";
				CLANG_ENABLE_MODULES = YES;
				CLANG_ENABLE_OBJC_ARC = YES;
				CLANG_WARN_BOOL_CONVERSION = YES;
				CLANG_WARN_CONSTANT_CONVERSION = YES;
				CLANG_WARN_DIRECT_OBJC_ISA_USAGE = YES_ERROR;
				CLANG_WARN_EMPTY_BODY = YES;
				CLANG_WARN_ENUM_CONVERSION = YES;
				CLANG_WARN_INT_CONVERSION = YES;
				CLANG_WARN_OBJC_ROOT_CLASS = YES_ERROR;
				CLANG_WARN_UNREACHABLE_CODE = YES;
				CLANG_WARN__DUPLICATE_METHOD_MATCH = YES;
				"CODE_SIGN_IDENTITY[sdk=iphoneos*]" = "iPhone Developer";
				COPY_PHASE_STRIP = NO;
				DEBUG_INFORMATION_FORMAT = "dwarf-with-dsym";
				ENABLE_STRICT_OBJC_MSGSEND = YES;
				GCC_C_LANGUAGE_STANDARD = gnu99;
				GCC_DYNAMIC_NO_PIC = NO;
				GCC_NO_COMMON_BLOCKS = YES;
				GCC_OPTIMIZATION_LEVEL = 0;
				GCC_PREPROCESSOR_DEFINITIONS = (
					"DEBUG=1",
					"$(inherited)",
				);
				GCC_SYMBOLS_PRIVATE_EXTERN = NO;
				GCC_WARN_64_TO_32_BIT_CONVERSION = YES;
				GCC_WARN_ABOUT_RETURN_TYPE = YES_ERROR;
				GCC_WARN_UNDECLARED_SELECTOR = YES;
				GCC_WARN_UNINITIALIZED_AUTOS = YES_AGGRESSIVE;
				GCC_WARN_UNUSED_FUNCTION = YES;
				GCC_WARN_UNUSED_VARIABLE = YES;
				IPHONEOS_DEPLOYMENT_TARGET = 8.4;
				MTL_ENABLE_DEBUG_INFO = YES;
				ONLY_ACTIVE_ARCH = YES;
				SDKROOT = iphoneos;
			};
			name = Debug;
		};
		689F65001C75524F006D7245 /* Release */ = {
			isa = XCBuildConfiguration;
			buildSettings = {
				ALWAYS_SEARCH_USER_PATHS = NO;
				CLANG_CXX_LANGUAGE_STANDARD = "gnu++0x";
				CLANG_CXX_LIBRARY = "libc++";
				CLANG_ENABLE_MODULES = YES;
				CLANG_ENABLE_OBJC_ARC = YES;
				CLANG_WARN_BOOL_CONVERSION = YES;
				CLANG_WARN_CONSTANT_CONVERSION = YES;
				CLANG_WARN_DIRECT_OBJC_ISA_USAGE = YES_ERROR;
				CLANG_WARN_EMPTY_BODY = YES;
				CLANG_WARN_ENUM_CONVERSION = YES;
				CLANG_WARN_INT_CONVERSION = YES;
				CLANG_WARN_OBJC_ROOT_CLASS = YES_ERROR;
				CLANG_WARN_UNREACHABLE_CODE = YES;
				CLANG_WARN__DUPLICATE_METHOD_MATCH = YES;
				"CODE_SIGN_IDENTITY[sdk=iphoneos*]" = "iPhone Developer";
				COPY_PHASE_STRIP = NO;
				DEBUG_INFORMATION_FORMAT = "dwarf-with-dsym";
				ENABLE_NS_ASSERTIONS = NO;
				ENABLE_STRICT_OBJC_MSGSEND = YES;
				GCC_C_LANGUAGE_STANDARD = gnu99;
				GCC_NO_COMMON_BLOCKS = YES;
				GCC_WARN_64_TO_32_BIT_CONVERSION = YES;
				GCC_WARN_ABOUT_RETURN_TYPE = YES_ERROR;
				GCC_WARN_UNDECLARED_SELECTOR = YES;
				GCC_WARN_UNINITIALIZED_AUTOS = YES_AGGRESSIVE;
				GCC_WARN_UNUSED_FUNCTION = YES;
				GCC_WARN_UNUSED_VARIABLE = YES;
				IPHONEOS_DEPLOYMENT_TARGET = 8.4;
				MTL_ENABLE_DEBUG_INFO = NO;
				SDKROOT = iphoneos;
				VALIDATE_PRODUCT = YES;
			};
			name = Release;
		};
		689F65021C75524F006D7245 /* Debug */ = {
			isa = XCBuildConfiguration;
			buildSettings = {
				ASSETCATALOG_COMPILER_APPICON_NAME = AppIcon;
				CODE_SIGN_IDENTITY = "iPhone Developer";
				"CODE_SIGN_IDENTITY[sdk=iphoneos*]" = "iPhone Developer";
				INFOPLIST_FILE = Epanes/Info.plist;
				IPHONEOS_DEPLOYMENT_TARGET = 7.0;
				LD_RUNPATH_SEARCH_PATHS = "$(inherited) @executable_path/Frameworks";
				PRODUCT_NAME = "$(TARGET_NAME)";
				PROVISIONING_PROFILE = "";
				TARGETED_DEVICE_FAMILY = "1,2";
			};
			name = Debug;
		};
		689F65031C75524F006D7245 /* Release */ = {
			isa = XCBuildConfiguration;
			buildSettings = {
				ASSETCATALOG_COMPILER_APPICON_NAME = AppIcon;
				CODE_SIGN_IDENTITY = "iPhone Developer";
				"CODE_SIGN_IDENTITY[sdk=iphoneos*]" = "iPhone Developer";
				INFOPLIST_FILE = Epanes/Info.plist;
				IPHONEOS_DEPLOYMENT_TARGET = 7.0;
				LD_RUNPATH_SEARCH_PATHS = "$(inherited) @executable_path/Frameworks";
				PRODUCT_NAME = "$(TARGET_NAME)";
				PROVISIONING_PROFILE = "";
				TARGETED_DEVICE_FAMILY = "1,2";
			};
			name = Release;
		};
		689F65051C75524F006D7245 /* Debug */ = {
			isa = XCBuildConfiguration;
			buildSettings = {
				BUNDLE_LOADER = "$(TEST_HOST)";
				FRAMEWORK_SEARCH_PATHS = (
					"$(SDKROOT)/Developer/Library/Frameworks",
					"$(inherited)",
				);
				GCC_PREPROCESSOR_DEFINITIONS = (
					"DEBUG=1",
					"$(inherited)",
				);
				INFOPLIST_FILE = EpanesTests/Info.plist;
				LD_RUNPATH_SEARCH_PATHS = "$(inherited) @executable_path/Frameworks @loader_path/Frameworks";
				PRODUCT_NAME = "$(TARGET_NAME)";
				TEST_HOST = "$(BUILT_PRODUCTS_DIR)/Epanes.app/Epanes";
			};
			name = Debug;
		};
		689F65061C75524F006D7245 /* Release */ = {
			isa = XCBuildConfiguration;
			buildSettings = {
				BUNDLE_LOADER = "$(TEST_HOST)";
				FRAMEWORK_SEARCH_PATHS = (
					"$(SDKROOT)/Developer/Library/Frameworks",
					"$(inherited)",
				);
				INFOPLIST_FILE = EpanesTests/Info.plist;
				LD_RUNPATH_SEARCH_PATHS = "$(inherited) @executable_path/Frameworks @loader_path/Frameworks";
				PRODUCT_NAME = "$(TARGET_NAME)";
				TEST_HOST = "$(BUILT_PRODUCTS_DIR)/Epanes.app/Epanes";
			};
			name = Release;
		};
/* End XCBuildConfiguration section */

/* Begin XCConfigurationList section */
		689F64D91C75524F006D7245 /* Build configuration list for PBXProject "Epanes" */ = {
			isa = XCConfigurationList;
			buildConfigurations = (
				689F64FF1C75524F006D7245 /* Debug */,
				689F65001C75524F006D7245 /* Release */,
			);
			defaultConfigurationIsVisible = 0;
			defaultConfigurationName = Release;
		};
		689F65011C75524F006D7245 /* Build configuration list for PBXNativeTarget "Epanes" */ = {
			isa = XCConfigurationList;
			buildConfigurations = (
				689F65021C75524F006D7245 /* Debug */,
				689F65031C75524F006D7245 /* Release */,
			);
			defaultConfigurationIsVisible = 0;
			defaultConfigurationName = Release;
		};
		689F65041C75524F006D7245 /* Build configuration list for PBXNativeTarget "EpanesTests" */ = {
			isa = XCConfigurationList;
			buildConfigurations = (
				689F65051C75524F006D7245 /* Debug */,
				689F65061C75524F006D7245 /* Release */,
			);
			defaultConfigurationIsVisible = 0;
			defaultConfigurationName = Release;
		};
/* End XCConfigurationList section */
	};
	rootObject = 689F64D61C75524F006D7245 /* Project object */;
}
